// !$*UTF8*$!
{
	archiveVersion = 1;
	classes = {
	};
	objectVersion = 46;
	objects = {

/* Begin PBXBuildFile section */
		9589EC3A1D09C2A200F56929 /* AppDelegate.swift in Sources */ = {isa = PBXBuildFile; fileRef = 9589EC391D09C2A200F56929 /* AppDelegate.swift */; };
		9589EC3C1D09C2A200F56929 /* FirstViewController.swift in Sources */ = {isa = PBXBuildFile; fileRef = 9589EC3B1D09C2A200F56929 /* FirstViewController.swift */; };
		9589EC3E1D09C2A200F56929 /* SecondViewController.swift in Sources */ = {isa = PBXBuildFile; fileRef = 9589EC3D1D09C2A200F56929 /* SecondViewController.swift */; };
		9589EC411D09C2A200F56929 /* Main.storyboard in Resources */ = {isa = PBXBuildFile; fileRef = 9589EC3F1D09C2A200F56929 /* Main.storyboard */; };
		9589EC431D09C2A200F56929 /* Assets.xcassets in Resources */ = {isa = PBXBuildFile; fileRef = 9589EC421D09C2A200F56929 /* Assets.xcassets */; };
		9589EC461D09C2A200F56929 /* LaunchScreen.storyboard in Resources */ = {isa = PBXBuildFile; fileRef = 9589EC441D09C2A200F56929 /* LaunchScreen.storyboard */; };
		9589EC511D09C2A200F56929 /* TreeInvestigators_iPadTests.swift in Sources */ = {isa = PBXBuildFile; fileRef = 9589EC501D09C2A200F56929 /* TreeInvestigators_iPadTests.swift */; };
		9589EC5C1D09C2A200F56929 /* TreeInvestigators_iPadUITests.swift in Sources */ = {isa = PBXBuildFile; fileRef = 9589EC5B1D09C2A200F56929 /* TreeInvestigators_iPadUITests.swift */; };
/* End PBXBuildFile section */

/* Begin PBXContainerItemProxy section */
		9589EC4D1D09C2A200F56929 /* PBXContainerItemProxy */ = {
			isa = PBXContainerItemProxy;
			containerPortal = 9589EC2E1D09C2A200F56929 /* Project object */;
			proxyType = 1;
			remoteGlobalIDString = 9589EC351D09C2A200F56929;
			remoteInfo = TreeInvestigators_iPad;
		};
		9589EC581D09C2A200F56929 /* PBXContainerItemProxy */ = {
			isa = PBXContainerItemProxy;
			containerPortal = 9589EC2E1D09C2A200F56929 /* Project object */;
			proxyType = 1;
			remoteGlobalIDString = 9589EC351D09C2A200F56929;
			remoteInfo = TreeInvestigators_iPad;
		};
/* End PBXContainerItemProxy section */

/* Begin PBXFileReference section */
		9589EC361D09C2A200F56929 /* TreeInvestigators_iPad.app */ = {isa = PBXFileReference; explicitFileType = wrapper.application; includeInIndex = 0; path = TreeInvestigators_iPad.app; sourceTree = BUILT_PRODUCTS_DIR; };
		9589EC391D09C2A200F56929 /* AppDelegate.swift */ = {isa = PBXFileReference; lastKnownFileType = sourcecode.swift; path = AppDelegate.swift; sourceTree = "<group>"; };
		9589EC3B1D09C2A200F56929 /* FirstViewController.swift */ = {isa = PBXFileReference; lastKnownFileType = sourcecode.swift; path = FirstViewController.swift; sourceTree = "<group>"; };
		9589EC3D1D09C2A200F56929 /* SecondViewController.swift */ = {isa = PBXFileReference; lastKnownFileType = sourcecode.swift; path = SecondViewController.swift; sourceTree = "<group>"; };
		9589EC401D09C2A200F56929 /* Base */ = {isa = PBXFileReference; lastKnownFileType = file.storyboard; name = Base; path = Base.lproj/Main.storyboard; sourceTree = "<group>"; };
		9589EC421D09C2A200F56929 /* Assets.xcassets */ = {isa = PBXFileReference; lastKnownFileType = folder.assetcatalog; path = Assets.xcassets; sourceTree = "<group>"; };
		9589EC451D09C2A200F56929 /* Base */ = {isa = PBXFileReference; lastKnownFileType = file.storyboard; name = Base; path = Base.lproj/LaunchScreen.storyboard; sourceTree = "<group>"; };
		9589EC471D09C2A200F56929 /* Info.plist */ = {isa = PBXFileReference; lastKnownFileType = text.plist.xml; path = Info.plist; sourceTree = "<group>"; };
		9589EC4C1D09C2A200F56929 /* TreeInvestigators_iPadTests.xctest */ = {isa = PBXFileReference; explicitFileType = wrapper.cfbundle; includeInIndex = 0; path = TreeInvestigators_iPadTests.xctest; sourceTree = BUILT_PRODUCTS_DIR; };
		9589EC501D09C2A200F56929 /* TreeInvestigators_iPadTests.swift */ = {isa = PBXFileReference; lastKnownFileType = sourcecode.swift; path = TreeInvestigators_iPadTests.swift; sourceTree = "<group>"; };
		9589EC521D09C2A200F56929 /* Info.plist */ = {isa = PBXFileReference; lastKnownFileType = text.plist.xml; path = Info.plist; sourceTree = "<group>"; };
		9589EC571D09C2A200F56929 /* TreeInvestigators_iPadUITests.xctest */ = {isa = PBXFileReference; explicitFileType = wrapper.cfbundle; includeInIndex = 0; path = TreeInvestigators_iPadUITests.xctest; sourceTree = BUILT_PRODUCTS_DIR; };
		9589EC5B1D09C2A200F56929 /* TreeInvestigators_iPadUITests.swift */ = {isa = PBXFileReference; lastKnownFileType = sourcecode.swift; path = TreeInvestigators_iPadUITests.swift; sourceTree = "<group>"; };
		9589EC5D1D09C2A200F56929 /* Info.plist */ = {isa = PBXFileReference; lastKnownFileType = text.plist.xml; path = Info.plist; sourceTree = "<group>"; };
/* End PBXFileReference section */

/* Begin PBXFrameworksBuildPhase section */
		9589EC331D09C2A200F56929 /* Frameworks */ = {
			isa = PBXFrameworksBuildPhase;
			buildActionMask = 2147483647;
			files = (
			);
			runOnlyForDeploymentPostprocessing = 0;
		};
		9589EC491D09C2A200F56929 /* Frameworks */ = {
			isa = PBXFrameworksBuildPhase;
			buildActionMask = 2147483647;
			files = (
			);
			runOnlyForDeploymentPostprocessing = 0;
		};
		9589EC541D09C2A200F56929 /* Frameworks */ = {
			isa = PBXFrameworksBuildPhase;
			buildActionMask = 2147483647;
			files = (
			);
			runOnlyForDeploymentPostprocessing = 0;
		};
/* End PBXFrameworksBuildPhase section */

/* Begin PBXGroup section */
		9589EC2D1D09C2A200F56929 = {
			isa = PBXGroup;
			children = (
				9589EC381D09C2A200F56929 /* TreeInvestigators_iPad */,
				9589EC4F1D09C2A200F56929 /* TreeInvestigators_iPadTests */,
				9589EC5A1D09C2A200F56929 /* TreeInvestigators_iPadUITests */,
				9589EC371D09C2A200F56929 /* Products */,
			);
			sourceTree = "<group>";
		};
		9589EC371D09C2A200F56929 /* Products */ = {
			isa = PBXGroup;
			children = (
				9589EC361D09C2A200F56929 /* TreeInvestigators_iPad.app */,
				9589EC4C1D09C2A200F56929 /* TreeInvestigators_iPadTests.xctest */,
				9589EC571D09C2A200F56929 /* TreeInvestigators_iPadUITests.xctest */,
			);
			name = Products;
			sourceTree = "<group>";
		};
		9589EC381D09C2A200F56929 /* TreeInvestigators_iPad */ = {
			isa = PBXGroup;
			children = (
				9589EC391D09C2A200F56929 /* AppDelegate.swift */,
				9589EC3B1D09C2A200F56929 /* FirstViewController.swift */,
				9589EC3D1D09C2A200F56929 /* SecondViewController.swift */,
				9589EC3F1D09C2A200F56929 /* Main.storyboard */,
				9589EC421D09C2A200F56929 /* Assets.xcassets */,
				9589EC441D09C2A200F56929 /* LaunchScreen.storyboard */,
				9589EC471D09C2A200F56929 /* Info.plist */,
			);
			path = TreeInvestigators_iPad;
			sourceTree = "<group>";
		};
		9589EC4F1D09C2A200F56929 /* TreeInvestigators_iPadTests */ = {
			isa = PBXGroup;
			children = (
				9589EC501D09C2A200F56929 /* TreeInvestigators_iPadTests.swift */,
				9589EC521D09C2A200F56929 /* Info.plist */,
			);
			path = TreeInvestigators_iPadTests;
			sourceTree = "<group>";
		};
		9589EC5A1D09C2A200F56929 /* TreeInvestigators_iPadUITests */ = {
			isa = PBXGroup;
			children = (
				9589EC5B1D09C2A200F56929 /* TreeInvestigators_iPadUITests.swift */,
				9589EC5D1D09C2A200F56929 /* Info.plist */,
			);
			path = TreeInvestigators_iPadUITests;
			sourceTree = "<group>";
		};
/* End PBXGroup section */

/* Begin PBXNativeTarget section */
		9589EC351D09C2A200F56929 /* TreeInvestigators_iPad */ = {
			isa = PBXNativeTarget;
			buildConfigurationList = 9589EC601D09C2A200F56929 /* Build configuration list for PBXNativeTarget "TreeInvestigators_iPad" */;
			buildPhases = (
				9589EC321D09C2A200F56929 /* Sources */,
				9589EC331D09C2A200F56929 /* Frameworks */,
				9589EC341D09C2A200F56929 /* Resources */,
			);
			buildRules = (
			);
			dependencies = (
			);
			name = TreeInvestigators_iPad;
			productName = TreeInvestigators_iPad;
			productReference = 9589EC361D09C2A200F56929 /* TreeInvestigators_iPad.app */;
			productType = "com.apple.product-type.application";
		};
		9589EC4B1D09C2A200F56929 /* TreeInvestigators_iPadTests */ = {
			isa = PBXNativeTarget;
			buildConfigurationList = 9589EC631D09C2A200F56929 /* Build configuration list for PBXNativeTarget "TreeInvestigators_iPadTests" */;
			buildPhases = (
				9589EC481D09C2A200F56929 /* Sources */,
				9589EC491D09C2A200F56929 /* Frameworks */,
				9589EC4A1D09C2A200F56929 /* Resources */,
			);
			buildRules = (
			);
			dependencies = (
				9589EC4E1D09C2A200F56929 /* PBXTargetDependency */,
			);
			name = TreeInvestigators_iPadTests;
			productName = TreeInvestigators_iPadTests;
			productReference = 9589EC4C1D09C2A200F56929 /* TreeInvestigators_iPadTests.xctest */;
			productType = "com.apple.product-type.bundle.unit-test";
		};
		9589EC561D09C2A200F56929 /* TreeInvestigators_iPadUITests */ = {
			isa = PBXNativeTarget;
			buildConfigurationList = 9589EC661D09C2A200F56929 /* Build configuration list for PBXNativeTarget "TreeInvestigators_iPadUITests" */;
			buildPhases = (
				9589EC531D09C2A200F56929 /* Sources */,
				9589EC541D09C2A200F56929 /* Frameworks */,
				9589EC551D09C2A200F56929 /* Resources */,
			);
			buildRules = (
			);
			dependencies = (
				9589EC591D09C2A200F56929 /* PBXTargetDependency */,
			);
			name = TreeInvestigators_iPadUITests;
			productName = TreeInvestigators_iPadUITests;
			productReference = 9589EC571D09C2A200F56929 /* TreeInvestigators_iPadUITests.xctest */;
			productType = "com.apple.product-type.bundle.ui-testing";
		};
/* End PBXNativeTarget section */

/* Begin PBXProject section */
		9589EC2E1D09C2A200F56929 /* Project object */ = {
			isa = PBXProject;
			attributes = {
				LastSwiftUpdateCheck = 0730;
				LastUpgradeCheck = 0730;
				ORGANIZATIONNAME = "Zach Fuller";
				TargetAttributes = {
					9589EC351D09C2A200F56929 = {
						CreatedOnToolsVersion = 7.3.1;
						DevelopmentTeam = HT3L87G843;
					};
					9589EC4B1D09C2A200F56929 = {
						CreatedOnToolsVersion = 7.3.1;
						DevelopmentTeam = HT3L87G843;
						TestTargetID = 9589EC351D09C2A200F56929;
					};
					9589EC561D09C2A200F56929 = {
						CreatedOnToolsVersion = 7.3.1;
						DevelopmentTeam = HT3L87G843;
						TestTargetID = 9589EC351D09C2A200F56929;
					};
				};
			};
			buildConfigurationList = 9589EC311D09C2A200F56929 /* Build configuration list for PBXProject "TreeInvestigators_iPad" */;
			compatibilityVersion = "Xcode 3.2";
			developmentRegion = English;
			hasScannedForEncodings = 0;
			knownRegions = (
				en,
				Base,
			);
			mainGroup = 9589EC2D1D09C2A200F56929;
			productRefGroup = 9589EC371D09C2A200F56929 /* Products */;
			projectDirPath = "";
			projectRoot = "";
			targets = (
				9589EC351D09C2A200F56929 /* TreeInvestigators_iPad */,
				9589EC4B1D09C2A200F56929 /* TreeInvestigators_iPadTests */,
				9589EC561D09C2A200F56929 /* TreeInvestigators_iPadUITests */,
			);
		};
/* End PBXProject section */

/* Begin PBXResourcesBuildPhase section */
		9589EC341D09C2A200F56929 /* Resources */ = {
			isa = PBXResourcesBuildPhase;
			buildActionMask = 2147483647;
			files = (
				9589EC461D09C2A200F56929 /* LaunchScreen.storyboard in Resources */,
				9589EC431D09C2A200F56929 /* Assets.xcassets in Resources */,
				9589EC411D09C2A200F56929 /* Main.storyboard in Resources */,
			);
			runOnlyForDeploymentPostprocessing = 0;
		};
		9589EC4A1D09C2A200F56929 /* Resources */ = {
			isa = PBXResourcesBuildPhase;
			buildActionMask = 2147483647;
			files = (
			);
			runOnlyForDeploymentPostprocessing = 0;
		};
		9589EC551D09C2A200F56929 /* Resources */ = {
			isa = PBXResourcesBuildPhase;
			buildActionMask = 2147483647;
			files = (
			);
			runOnlyForDeploymentPostprocessing = 0;
		};
/* End PBXResourcesBuildPhase section */

/* Begin PBXSourcesBuildPhase section */
		9589EC321D09C2A200F56929 /* Sources */ = {
			isa = PBXSourcesBuildPhase;
			buildActionMask = 2147483647;
			files = (
				9589EC3E1D09C2A200F56929 /* SecondViewController.swift in Sources */,
				9589EC3A1D09C2A200F56929 /* AppDelegate.swift in Sources */,
				9589EC3C1D09C2A200F56929 /* FirstViewController.swift in Sources */,
			);
			runOnlyForDeploymentPostprocessing = 0;
		};
		9589EC481D09C2A200F56929 /* Sources */ = {
			isa = PBXSourcesBuildPhase;
			buildActionMask = 2147483647;
			files = (
				9589EC511D09C2A200F56929 /* TreeInvestigators_iPadTests.swift in Sources */,
			);
			runOnlyForDeploymentPostprocessing = 0;
		};
		9589EC531D09C2A200F56929 /* Sources */ = {
			isa = PBXSourcesBuildPhase;
			buildActionMask = 2147483647;
			files = (
				9589EC5C1D09C2A200F56929 /* TreeInvestigators_iPadUITests.swift in Sources */,
			);
			runOnlyForDeploymentPostprocessing = 0;
		};
/* End PBXSourcesBuildPhase section */

/* Begin PBXTargetDependency section */
		9589EC4E1D09C2A200F56929 /* PBXTargetDependency */ = {
			isa = PBXTargetDependency;
			target = 9589EC351D09C2A200F56929 /* TreeInvestigators_iPad */;
			targetProxy = 9589EC4D1D09C2A200F56929 /* PBXContainerItemProxy */;
		};
		9589EC591D09C2A200F56929 /* PBXTargetDependency */ = {
			isa = PBXTargetDependency;
			target = 9589EC351D09C2A200F56929 /* TreeInvestigators_iPad */;
			targetProxy = 9589EC581D09C2A200F56929 /* PBXContainerItemProxy */;
		};
/* End PBXTargetDependency section */

/* Begin PBXVariantGroup section */
		9589EC3F1D09C2A200F56929 /* Main.storyboard */ = {
			isa = PBXVariantGroup;
			children = (
				9589EC401D09C2A200F56929 /* Base */,
			);
			name = Main.storyboard;
			sourceTree = "<group>";
		};
		9589EC441D09C2A200F56929 /* LaunchScreen.storyboard */ = {
			isa = PBXVariantGroup;
			children = (
				9589EC451D09C2A200F56929 /* Base */,
			);
			name = LaunchScreen.storyboard;
			sourceTree = "<group>";
		};
/* End PBXVariantGroup section */

/* Begin XCBuildConfiguration section */
		9589EC5E1D09C2A200F56929 /* Debug */ = {
			isa = XCBuildConfiguration;
			buildSettings = {
				ALWAYS_SEARCH_USER_PATHS = NO;
				CLANG_ANALYZER_NONNULL = YES;
				CLANG_CXX_LANGUAGE_STANDARD = "gnu++0x";
				CLANG_CXX_LIBRARY = "libc++";
				CLANG_ENABLE_MODULES = YES;
				CLANG_ENABLE_OBJC_ARC = YES;
				CLANG_WARN_BOOL_CONVERSION = YES;
				CLANG_WARN_CONSTANT_CONVERSION = YES;
				CLANG_WARN_DIRECT_OBJC_ISA_USAGE = YES_ERROR;
				CLANG_WARN_EMPTY_BODY = YES;
				CLANG_WARN_ENUM_CONVERSION = YES;
				CLANG_WARN_INT_CONVERSION = YES;
				CLANG_WARN_OBJC_ROOT_CLASS = YES_ERROR;
				CLANG_WARN_UNREACHABLE_CODE = YES;
				CLANG_WARN__DUPLICATE_METHOD_MATCH = YES;
				"CODE_SIGN_IDENTITY[sdk=iphoneos*]" = "iPhone Developer";
				COPY_PHASE_STRIP = NO;
				DEBUG_INFORMATION_FORMAT = dwarf;
				ENABLE_STRICT_OBJC_MSGSEND = YES;
				ENABLE_TESTABILITY = YES;
				GCC_C_LANGUAGE_STANDARD = gnu99;
				GCC_DYNAMIC_NO_PIC = NO;
				GCC_NO_COMMON_BLOCKS = YES;
				GCC_OPTIMIZATION_LEVEL = 0;
				GCC_PREPROCESSOR_DEFINITIONS = (
					"DEBUG=1",
					"$(inherited)",
				);
				GCC_WARN_64_TO_32_BIT_CONVERSION = YES;
				GCC_WARN_ABOUT_RETURN_TYPE = YES_ERROR;
				GCC_WARN_UNDECLARED_SELECTOR = YES;
				GCC_WARN_UNINITIALIZED_AUTOS = YES_AGGRESSIVE;
				GCC_WARN_UNUSED_FUNCTION = YES;
				GCC_WARN_UNUSED_VARIABLE = YES;
				IPHONEOS_DEPLOYMENT_TARGET = 9.3;
				MTL_ENABLE_DEBUG_INFO = YES;
				ONLY_ACTIVE_ARCH = YES;
				SDKROOT = iphoneos;
				SWIFT_OPTIMIZATION_LEVEL = "-Onone";
				TARGETED_DEVICE_FAMILY = 2;
			};
			name = Debug;
		};
		9589EC5F1D09C2A200F56929 /* Release */ = {
			isa = XCBuildConfiguration;
			buildSettings = {
				ALWAYS_SEARCH_USER_PATHS = NO;
				CLANG_ANALYZER_NONNULL = YES;
				CLANG_CXX_LANGUAGE_STANDARD = "gnu++0x";
				CLANG_CXX_LIBRARY = "libc++";
				CLANG_ENABLE_MODULES = YES;
				CLANG_ENABLE_OBJC_ARC = YES;
				CLANG_WARN_BOOL_CONVERSION = YES;
				CLANG_WARN_CONSTANT_CONVERSION = YES;
				CLANG_WARN_DIRECT_OBJC_ISA_USAGE = YES_ERROR;
				CLANG_WARN_EMPTY_BODY = YES;
				CLANG_WARN_ENUM_CONVERSION = YES;
				CLANG_WARN_INT_CONVERSION = YES;
				CLANG_WARN_OBJC_ROOT_CLASS = YES_ERROR;
				CLANG_WARN_UNREACHABLE_CODE = YES;
				CLANG_WARN__DUPLICATE_METHOD_MATCH = YES;
				"CODE_SIGN_IDENTITY[sdk=iphoneos*]" = "iPhone Developer";
				COPY_PHASE_STRIP = NO;
				DEBUG_INFORMATION_FORMAT = "dwarf-with-dsym";
				ENABLE_NS_ASSERTIONS = NO;
				ENABLE_STRICT_OBJC_MSGSEND = YES;
				GCC_C_LANGUAGE_STANDARD = gnu99;
				GCC_NO_COMMON_BLOCKS = YES;
				GCC_WARN_64_TO_32_BIT_CONVERSION = YES;
				GCC_WARN_ABOUT_RETURN_TYPE = YES_ERROR;
				GCC_WARN_UNDECLARED_SELECTOR = YES;
				GCC_WARN_UNINITIALIZED_AUTOS = YES_AGGRESSIVE;
				GCC_WARN_UNUSED_FUNCTION = YES;
				GCC_WARN_UNUSED_VARIABLE = YES;
				IPHONEOS_DEPLOYMENT_TARGET = 9.3;
				MTL_ENABLE_DEBUG_INFO = NO;
				SDKROOT = iphoneos;
				TARGETED_DEVICE_FAMILY = 2;
				VALIDATE_PRODUCT = YES;
			};
			name = Release;
		};
		9589EC611D09C2A200F56929 /* Debug */ = {
			isa = XCBuildConfiguration;
			buildSettings = {
				ASSETCATALOG_COMPILER_APPICON_NAME = AppIcon;
				INFOPLIST_FILE = TreeInvestigators_iPad/Info.plist;
				LD_RUNPATH_SEARCH_PATHS = "$(inherited) @executable_path/Frameworks";
				PRODUCT_BUNDLE_IDENTIFIER = "PennState.TreeInvestigators-iPad";
				PRODUCT_NAME = "$(TARGET_NAME)";
			};
			name = Debug;
		};
		9589EC621D09C2A200F56929 /* Release */ = {
			isa = XCBuildConfiguration;
			buildSettings = {
				ASSETCATALOG_COMPILER_APPICON_NAME = AppIcon;
				INFOPLIST_FILE = TreeInvestigators_iPad/Info.plist;
				LD_RUNPATH_SEARCH_PATHS = "$(inherited) @executable_path/Frameworks";
				PRODUCT_BUNDLE_IDENTIFIER = "PennState.TreeInvestigators-iPad";
				PRODUCT_NAME = "$(TARGET_NAME)";
			};
			name = Release;
		};
		9589EC641D09C2A200F56929 /* Debug */ = {
			isa = XCBuildConfiguration;
			buildSettings = {
				BUNDLE_LOADER = "$(TEST_HOST)";
				INFOPLIST_FILE = TreeInvestigators_iPadTests/Info.plist;
				LD_RUNPATH_SEARCH_PATHS = "$(inherited) @executable_path/Frameworks @loader_path/Frameworks";
				PRODUCT_BUNDLE_IDENTIFIER = "PennState.TreeInvestigators-iPadTests";
				PRODUCT_NAME = "$(TARGET_NAME)";
				TEST_HOST = "$(BUILT_PRODUCTS_DIR)/TreeInvestigators_iPad.app/TreeInvestigators_iPad";
			};
			name = Debug;
		};
		9589EC651D09C2A200F56929 /* Release */ = {
			isa = XCBuildConfiguration;
			buildSettings = {
				BUNDLE_LOADER = "$(TEST_HOST)";
				INFOPLIST_FILE = TreeInvestigators_iPadTests/Info.plist;
				LD_RUNPATH_SEARCH_PATHS = "$(inherited) @executable_path/Frameworks @loader_path/Frameworks";
				PRODUCT_BUNDLE_IDENTIFIER = "PennState.TreeInvestigators-iPadTests";
				PRODUCT_NAME = "$(TARGET_NAME)";
				TEST_HOST = "$(BUILT_PRODUCTS_DIR)/TreeInvestigators_iPad.app/TreeInvestigators_iPad";
			};
			name = Release;
		};
		9589EC671D09C2A200F56929 /* Debug */ = {
			isa = XCBuildConfiguration;
			buildSettings = {
				INFOPLIST_FILE = TreeInvestigators_iPadUITests/Info.plist;
				LD_RUNPATH_SEARCH_PATHS = "$(inherited) @executable_path/Frameworks @loader_path/Frameworks";
				PRODUCT_BUNDLE_IDENTIFIER = "PennState.TreeInvestigators-iPadUITests";
				PRODUCT_NAME = "$(TARGET_NAME)";
				TEST_TARGET_NAME = TreeInvestigators_iPad;
			};
			name = Debug;
		};
		9589EC681D09C2A200F56929 /* Release */ = {
			isa = XCBuildConfiguration;
			buildSettings = {
				INFOPLIST_FILE = TreeInvestigators_iPadUITests/Info.plist;
				LD_RUNPATH_SEARCH_PATHS = "$(inherited) @executable_path/Frameworks @loader_path/Frameworks";
				PRODUCT_BUNDLE_IDENTIFIER = "PennState.TreeInvestigators-iPadUITests";
				PRODUCT_NAME = "$(TARGET_NAME)";
				TEST_TARGET_NAME = TreeInvestigators_iPad;
			};
			name = Release;
		};
/* End XCBuildConfiguration section */

/* Begin XCConfigurationList section */
		9589EC311D09C2A200F56929 /* Build configuration list for PBXProject "TreeInvestigators_iPad" */ = {
			isa = XCConfigurationList;
			buildConfigurations = (
				9589EC5E1D09C2A200F56929 /* Debug */,
				9589EC5F1D09C2A200F56929 /* Release */,
			);
			defaultConfigurationIsVisible = 0;
			defaultConfigurationName = Release;
		};
		9589EC601D09C2A200F56929 /* Build configuration list for PBXNativeTarget "TreeInvestigators_iPad" */ = {
			isa = XCConfigurationList;
			buildConfigurations = (
				9589EC611D09C2A200F56929 /* Debug */,
				9589EC621D09C2A200F56929 /* Release */,
			);
			defaultConfigurationIsVisible = 0;
		};
		9589EC631D09C2A200F56929 /* Build configuration list for PBXNativeTarget "TreeInvestigators_iPadTests" */ = {
			isa = XCConfigurationList;
			buildConfigurations = (
				9589EC641D09C2A200F56929 /* Debug */,
				9589EC651D09C2A200F56929 /* Release */,
			);
			defaultConfigurationIsVisible = 0;
		};
		9589EC661D09C2A200F56929 /* Build configuration list for PBXNativeTarget "TreeInvestigators_iPadUITests" */ = {
			isa = XCConfigurationList;
			buildConfigurations = (
				9589EC671D09C2A200F56929 /* Debug */,
				9589EC681D09C2A200F56929 /* Release */,
			);
			defaultConfigurationIsVisible = 0;
		};
/* End XCConfigurationList section */
	};
	rootObject = 9589EC2E1D09C2A200F56929 /* Project object */;
}
